// !$*UTF8*$!
{
	archiveVersion = 1;
	classes = {
	};
	objectVersion = 56;
	objects = {

/* Begin PBXBuildFile section */
		9765D3932E5B5961001A7DE4 /* AppDelegate.swift in Sources */ = {isa = PBXBuildFile; fileRef = 9765D3922E5B5961001A7DE4 /* AppDelegate.swift */; };
		9765D3952E5B5961001A7DE4 /* SceneDelegate.swift in Sources */ = {isa = PBXBuildFile; fileRef = 9765D3942E5B5961001A7DE4 /* SceneDelegate.swift */; };
		9765D3972E5B5961001A7DE4 /* ImagesListViewController.swift in Sources */ = {isa = PBXBuildFile; fileRef = 9765D3962E5B5961001A7DE4 /* ImagesListViewController.swift */; };
		9765D39A2E5B5961001A7DE4 /* Main.storyboard in Resources */ = {isa = PBXBuildFile; fileRef = 9765D3982E5B5961001A7DE4 /* Main.storyboard */; };
		9765D39C2E5B5968001A7DE4 /* Assets.xcassets in Resources */ = {isa = PBXBuildFile; fileRef = 9765D39B2E5B5968001A7DE4 /* Assets.xcassets */; };
		9765D39F2E5B5968001A7DE4 /* LaunchScreen.storyboard in Resources */ = {isa = PBXBuildFile; fileRef = 9765D39D2E5B5968001A7DE4 /* LaunchScreen.storyboard */; };
		97A12DFD2E66C8B300666A65 /* 8.jpg in Resources */ = {isa = PBXBuildFile; fileRef = 97A12DE92E66C8B300666A65 /* 8.jpg */; };
		97A12DFE2E66C8B300666A65 /* 9.jpg in Resources */ = {isa = PBXBuildFile; fileRef = 97A12DEA2E66C8B300666A65 /* 9.jpg */; };
		97A12DFF2E66C8B300666A65 /* 14.jpg in Resources */ = {isa = PBXBuildFile; fileRef = 97A12DEB2E66C8B300666A65 /* 14.jpg */; };
		97A12E002E66C8B300666A65 /* 15.jpg in Resources */ = {isa = PBXBuildFile; fileRef = 97A12DEC2E66C8B300666A65 /* 15.jpg */; };
		97A12E012E66C8B300666A65 /* 17.jpg in Resources */ = {isa = PBXBuildFile; fileRef = 97A12DED2E66C8B300666A65 /* 17.jpg */; };
		97A12E022E66C8B300666A65 /* 16.jpg in Resources */ = {isa = PBXBuildFile; fileRef = 97A12DEE2E66C8B300666A65 /* 16.jpg */; };
		97A12E032E66C8B300666A65 /* 12.jpg in Resources */ = {isa = PBXBuildFile; fileRef = 97A12DEF2E66C8B300666A65 /* 12.jpg */; };
		97A12E042E66C8B300666A65 /* 13.jpg in Resources */ = {isa = PBXBuildFile; fileRef = 97A12DF02E66C8B300666A65 /* 13.jpg */; };
		97A12E052E66C8B300666A65 /* 11.jpg in Resources */ = {isa = PBXBuildFile; fileRef = 97A12DF12E66C8B300666A65 /* 11.jpg */; };
		97A12E062E66C8B300666A65 /* 10.jpg in Resources */ = {isa = PBXBuildFile; fileRef = 97A12DF22E66C8B300666A65 /* 10.jpg */; };
		97A12E072E66C8B300666A65 /* 18.jpg in Resources */ = {isa = PBXBuildFile; fileRef = 97A12DF32E66C8B300666A65 /* 18.jpg */; };
		97A12E082E66C8B300666A65 /* 19.jpg in Resources */ = {isa = PBXBuildFile; fileRef = 97A12DF42E66C8B300666A65 /* 19.jpg */; };
		97A12E092E66C8B300666A65 /* 4.jpg in Resources */ = {isa = PBXBuildFile; fileRef = 97A12DF52E66C8B300666A65 /* 4.jpg */; };
		97A12E0A2E66C8B300666A65 /* 5.jpg in Resources */ = {isa = PBXBuildFile; fileRef = 97A12DF62E66C8B300666A65 /* 5.jpg */; };
		97A12E0B2E66C8B300666A65 /* 7.jpg in Resources */ = {isa = PBXBuildFile; fileRef = 97A12DF72E66C8B300666A65 /* 7.jpg */; };
		97A12E0C2E66C8B300666A65 /* 6.jpg in Resources */ = {isa = PBXBuildFile; fileRef = 97A12DF82E66C8B300666A65 /* 6.jpg */; };
		97A12E0D2E66C8B300666A65 /* 2.jpg in Resources */ = {isa = PBXBuildFile; fileRef = 97A12DF92E66C8B300666A65 /* 2.jpg */; };
		97A12E0E2E66C8B300666A65 /* 3.jpg in Resources */ = {isa = PBXBuildFile; fileRef = 97A12DFA2E66C8B300666A65 /* 3.jpg */; };
		97A12E0F2E66C8B300666A65 /* 1.jpg in Resources */ = {isa = PBXBuildFile; fileRef = 97A12DFB2E66C8B300666A65 /* 1.jpg */; };
		97A12E102E66C8B300666A65 /* 0.jpg in Resources */ = {isa = PBXBuildFile; fileRef = 97A12DFC2E66C8B300666A65 /* 0.jpg */; };
		97A12E122E66D4A200666A65 /* ImagesListCell.swift in Sources */ = {isa = PBXBuildFile; fileRef = 97A12E112E66D4A200666A65 /* ImagesListCell.swift */; };
/* End PBXBuildFile section */

/* Begin PBXFileReference section */
		9765D38F2E5B5961001A7DE4 /* ImageFeed.app */ = {isa = PBXFileReference; explicitFileType = wrapper.application; includeInIndex = 0; path = ImageFeed.app; sourceTree = BUILT_PRODUCTS_DIR; };
		9765D3922E5B5961001A7DE4 /* AppDelegate.swift */ = {isa = PBXFileReference; lastKnownFileType = sourcecode.swift; path = AppDelegate.swift; sourceTree = "<group>"; };
		9765D3942E5B5961001A7DE4 /* SceneDelegate.swift */ = {isa = PBXFileReference; lastKnownFileType = sourcecode.swift; path = SceneDelegate.swift; sourceTree = "<group>"; };
		9765D3962E5B5961001A7DE4 /* ImagesListViewController.swift */ = {isa = PBXFileReference; lastKnownFileType = sourcecode.swift; path = ImagesListViewController.swift; sourceTree = "<group>"; };
		9765D3992E5B5961001A7DE4 /* Base */ = {isa = PBXFileReference; lastKnownFileType = file.storyboard; name = Base; path = Base.lproj/Main.storyboard; sourceTree = "<group>"; };
		9765D39B2E5B5968001A7DE4 /* Assets.xcassets */ = {isa = PBXFileReference; lastKnownFileType = folder.assetcatalog; path = Assets.xcassets; sourceTree = "<group>"; };
		9765D39E2E5B5968001A7DE4 /* Base */ = {isa = PBXFileReference; lastKnownFileType = file.storyboard; name = Base; path = Base.lproj/LaunchScreen.storyboard; sourceTree = "<group>"; };
		9765D3A02E5B5968001A7DE4 /* Info.plist */ = {isa = PBXFileReference; lastKnownFileType = text.plist.xml; path = Info.plist; sourceTree = "<group>"; };
		97A12DE92E66C8B300666A65 /* 8.jpg */ = {isa = PBXFileReference; lastKnownFileType = image.jpeg; path = 8.jpg; sourceTree = "<group>"; };
		97A12DEA2E66C8B300666A65 /* 9.jpg */ = {isa = PBXFileReference; lastKnownFileType = image.jpeg; path = 9.jpg; sourceTree = "<group>"; };
		97A12DEB2E66C8B300666A65 /* 14.jpg */ = {isa = PBXFileReference; lastKnownFileType = image.jpeg; path = 14.jpg; sourceTree = "<group>"; };
		97A12DEC2E66C8B300666A65 /* 15.jpg */ = {isa = PBXFileReference; lastKnownFileType = image.jpeg; path = 15.jpg; sourceTree = "<group>"; };
		97A12DED2E66C8B300666A65 /* 17.jpg */ = {isa = PBXFileReference; lastKnownFileType = image.jpeg; path = 17.jpg; sourceTree = "<group>"; };
		97A12DEE2E66C8B300666A65 /* 16.jpg */ = {isa = PBXFileReference; lastKnownFileType = image.jpeg; path = 16.jpg; sourceTree = "<group>"; };
		97A12DEF2E66C8B300666A65 /* 12.jpg */ = {isa = PBXFileReference; lastKnownFileType = image.jpeg; path = 12.jpg; sourceTree = "<group>"; };
		97A12DF02E66C8B300666A65 /* 13.jpg */ = {isa = PBXFileReference; lastKnownFileType = image.jpeg; path = 13.jpg; sourceTree = "<group>"; };
		97A12DF12E66C8B300666A65 /* 11.jpg */ = {isa = PBXFileReference; lastKnownFileType = image.jpeg; path = 11.jpg; sourceTree = "<group>"; };
		97A12DF22E66C8B300666A65 /* 10.jpg */ = {isa = PBXFileReference; lastKnownFileType = image.jpeg; path = 10.jpg; sourceTree = "<group>"; };
		97A12DF32E66C8B300666A65 /* 18.jpg */ = {isa = PBXFileReference; lastKnownFileType = image.jpeg; path = 18.jpg; sourceTree = "<group>"; };
		97A12DF42E66C8B300666A65 /* 19.jpg */ = {isa = PBXFileReference; lastKnownFileType = image.jpeg; path = 19.jpg; sourceTree = "<group>"; };
		97A12DF52E66C8B300666A65 /* 4.jpg */ = {isa = PBXFileReference; lastKnownFileType = image.jpeg; path = 4.jpg; sourceTree = "<group>"; };
		97A12DF62E66C8B300666A65 /* 5.jpg */ = {isa = PBXFileReference; lastKnownFileType = image.jpeg; path = 5.jpg; sourceTree = "<group>"; };
		97A12DF72E66C8B300666A65 /* 7.jpg */ = {isa = PBXFileReference; lastKnownFileType = image.jpeg; path = 7.jpg; sourceTree = "<group>"; };
		97A12DF82E66C8B300666A65 /* 6.jpg */ = {isa = PBXFileReference; lastKnownFileType = image.jpeg; path = 6.jpg; sourceTree = "<group>"; };
		97A12DF92E66C8B300666A65 /* 2.jpg */ = {isa = PBXFileReference; lastKnownFileType = image.jpeg; path = 2.jpg; sourceTree = "<group>"; };
		97A12DFA2E66C8B300666A65 /* 3.jpg */ = {isa = PBXFileReference; lastKnownFileType = image.jpeg; path = 3.jpg; sourceTree = "<group>"; };
		97A12DFB2E66C8B300666A65 /* 1.jpg */ = {isa = PBXFileReference; lastKnownFileType = image.jpeg; path = 1.jpg; sourceTree = "<group>"; };
		97A12DFC2E66C8B300666A65 /* 0.jpg */ = {isa = PBXFileReference; lastKnownFileType = image.jpeg; path = 0.jpg; sourceTree = "<group>"; };
		97A12E112E66D4A200666A65 /* ImagesListCell.swift */ = {isa = PBXFileReference; lastKnownFileType = sourcecode.swift; path = ImagesListCell.swift; sourceTree = "<group>"; };
/* End PBXFileReference section */

/* Begin PBXFrameworksBuildPhase section */
		9765D38C2E5B5961001A7DE4 /* Frameworks */ = {
			isa = PBXFrameworksBuildPhase;
			buildActionMask = 2147483647;
			files = (
			);
			runOnlyForDeploymentPostprocessing = 0;
		};
/* End PBXFrameworksBuildPhase section */

/* Begin PBXGroup section */
		9765D3862E5B5961001A7DE4 = {
			isa = PBXGroup;
			children = (
				9765D3912E5B5961001A7DE4 /* ImageFeed */,
				9765D3902E5B5961001A7DE4 /* Products */,
			);
			sourceTree = "<group>";
		};
		9765D3902E5B5961001A7DE4 /* Products */ = {
			isa = PBXGroup;
			children = (
				9765D38F2E5B5961001A7DE4 /* ImageFeed.app */,
			);
			name = Products;
			sourceTree = "<group>";
		};
		9765D3912E5B5961001A7DE4 /* ImageFeed */ = {
			isa = PBXGroup;
			children = (
				97A12E132E66D56400666A65 /* ImageList */,
				9765D3922E5B5961001A7DE4 /* AppDelegate.swift */,
				9765D3942E5B5961001A7DE4 /* SceneDelegate.swift */,
				9765D3982E5B5961001A7DE4 /* Main.storyboard */,
				9765D39B2E5B5968001A7DE4 /* Assets.xcassets */,
				9765D39D2E5B5968001A7DE4 /* LaunchScreen.storyboard */,
				9765D3A02E5B5968001A7DE4 /* Info.plist */,
				97A12DE82E66C8B300666A65 /* mockImages */,
			);
			path = ImageFeed;
			sourceTree = "<group>";
		};
		97A12DE82E66C8B300666A65 /* mockImages */ = {
			isa = PBXGroup;
			children = (
				97A12DE92E66C8B300666A65 /* 8.jpg */,
				97A12DEA2E66C8B300666A65 /* 9.jpg */,
				97A12DEB2E66C8B300666A65 /* 14.jpg */,
				97A12DEC2E66C8B300666A65 /* 15.jpg */,
				97A12DED2E66C8B300666A65 /* 17.jpg */,
				97A12DEE2E66C8B300666A65 /* 16.jpg */,
				97A12DEF2E66C8B300666A65 /* 12.jpg */,
				97A12DF02E66C8B300666A65 /* 13.jpg */,
				97A12DF12E66C8B300666A65 /* 11.jpg */,
				97A12DF22E66C8B300666A65 /* 10.jpg */,
				97A12DF32E66C8B300666A65 /* 18.jpg */,
				97A12DF42E66C8B300666A65 /* 19.jpg */,
				97A12DF52E66C8B300666A65 /* 4.jpg */,
				97A12DF62E66C8B300666A65 /* 5.jpg */,
				97A12DF72E66C8B300666A65 /* 7.jpg */,
				97A12DF82E66C8B300666A65 /* 6.jpg */,
				97A12DF92E66C8B300666A65 /* 2.jpg */,
				97A12DFA2E66C8B300666A65 /* 3.jpg */,
				97A12DFB2E66C8B300666A65 /* 1.jpg */,
				97A12DFC2E66C8B300666A65 /* 0.jpg */,
			);
			path = mockImages;
			sourceTree = "<group>";
		};
		97A12E132E66D56400666A65 /* ImageList */ = {
			isa = PBXGroup;
			children = (
				97A12E112E66D4A200666A65 /* ImagesListCell.swift */,
				9765D3962E5B5961001A7DE4 /* ImagesListViewController.swift */,
			);
			path = ImageList;
			sourceTree = "<group>";
		};
/* End PBXGroup section */

/* Begin PBXNativeTarget section */
		9765D38E2E5B5961001A7DE4 /* ImageFeed */ = {
			isa = PBXNativeTarget;
			buildConfigurationList = 9765D3A32E5B5968001A7DE4 /* Build configuration list for PBXNativeTarget "ImageFeed" */;
			buildPhases = (
				9765D38B2E5B5961001A7DE4 /* Sources */,
				9765D38C2E5B5961001A7DE4 /* Frameworks */,
				9765D38D2E5B5961001A7DE4 /* Resources */,
			);
			buildRules = (
			);
			dependencies = (
			);
			name = ImageFeed;
			productName = ImageFeed;
			productReference = 9765D38F2E5B5961001A7DE4 /* ImageFeed.app */;
			productType = "com.apple.product-type.application";
		};
/* End PBXNativeTarget section */

/* Begin PBXProject section */
		9765D3872E5B5961001A7DE4 /* Project object */ = {
			isa = PBXProject;
			attributes = {
				BuildIndependentTargetsInParallel = 1;
				LastSwiftUpdateCheck = 1520;
				LastUpgradeCheck = 1520;
				TargetAttributes = {
					9765D38E2E5B5961001A7DE4 = {
						CreatedOnToolsVersion = 15.2;
					};
				};
			};
			buildConfigurationList = 9765D38A2E5B5961001A7DE4 /* Build configuration list for PBXProject "ImageFeed" */;
			compatibilityVersion = "Xcode 14.0";
			developmentRegion = en;
			hasScannedForEncodings = 0;
			knownRegions = (
				en,
				Base,
			);
			mainGroup = 9765D3862E5B5961001A7DE4;
			productRefGroup = 9765D3902E5B5961001A7DE4 /* Products */;
			projectDirPath = "";
			projectRoot = "";
			targets = (
				9765D38E2E5B5961001A7DE4 /* ImageFeed */,
			);
		};
/* End PBXProject section */

/* Begin PBXResourcesBuildPhase section */
		9765D38D2E5B5961001A7DE4 /* Resources */ = {
			isa = PBXResourcesBuildPhase;
			buildActionMask = 2147483647;
			files = (
				97A12E062E66C8B300666A65 /* 10.jpg in Resources */,
				97A12E032E66C8B300666A65 /* 12.jpg in Resources */,
				97A12E0D2E66C8B300666A65 /* 2.jpg in Resources */,
				97A12E002E66C8B300666A65 /* 15.jpg in Resources */,
				97A12E0C2E66C8B300666A65 /* 6.jpg in Resources */,
				97A12DFF2E66C8B300666A65 /* 14.jpg in Resources */,
				97A12E052E66C8B300666A65 /* 11.jpg in Resources */,
				97A12E102E66C8B300666A65 /* 0.jpg in Resources */,
				97A12DFD2E66C8B300666A65 /* 8.jpg in Resources */,
				9765D39F2E5B5968001A7DE4 /* LaunchScreen.storyboard in Resources */,
				97A12E042E66C8B300666A65 /* 13.jpg in Resources */,
				97A12E0A2E66C8B300666A65 /* 5.jpg in Resources */,
				97A12E0F2E66C8B300666A65 /* 1.jpg in Resources */,
				97A12E092E66C8B300666A65 /* 4.jpg in Resources */,
				97A12E0E2E66C8B300666A65 /* 3.jpg in Resources */,
				9765D39C2E5B5968001A7DE4 /* Assets.xcassets in Resources */,
				97A12E012E66C8B300666A65 /* 17.jpg in Resources */,
				97A12E082E66C8B300666A65 /* 19.jpg in Resources */,
				97A12DFE2E66C8B300666A65 /* 9.jpg in Resources */,
				97A12E022E66C8B300666A65 /* 16.jpg in Resources */,
				97A12E0B2E66C8B300666A65 /* 7.jpg in Resources */,
				97A12E072E66C8B300666A65 /* 18.jpg in Resources */,
				9765D39A2E5B5961001A7DE4 /* Main.storyboard in Resources */,
			);
			runOnlyForDeploymentPostprocessing = 0;
		};
/* End PBXResourcesBuildPhase section */

/* Begin PBXSourcesBuildPhase section */
		9765D38B2E5B5961001A7DE4 /* Sources */ = {
			isa = PBXSourcesBuildPhase;
			buildActionMask = 2147483647;
			files = (
				9765D3972E5B5961001A7DE4 /* ImagesListViewController.swift in Sources */,
				97A12E122E66D4A200666A65 /* ImagesListCell.swift in Sources */,
				9765D3932E5B5961001A7DE4 /* AppDelegate.swift in Sources */,
				9765D3952E5B5961001A7DE4 /* SceneDelegate.swift in Sources */,
			);
			runOnlyForDeploymentPostprocessing = 0;
		};
/* End PBXSourcesBuildPhase section */

/* Begin PBXVariantGroup section */
		9765D3982E5B5961001A7DE4 /* Main.storyboard */ = {
			isa = PBXVariantGroup;
			children = (
				9765D3992E5B5961001A7DE4 /* Base */,
			);
			name = Main.storyboard;
			sourceTree = "<group>";
		};
		9765D39D2E5B5968001A7DE4 /* LaunchScreen.storyboard */ = {
			isa = PBXVariantGroup;
			children = (
				9765D39E2E5B5968001A7DE4 /* Base */,
			);
			name = LaunchScreen.storyboard;
			sourceTree = "<group>";
		};
/* End PBXVariantGroup section */

/* Begin XCBuildConfiguration section */
		9765D3A12E5B5968001A7DE4 /* Debug */ = {
			isa = XCBuildConfiguration;
			buildSettings = {
				ALWAYS_SEARCH_USER_PATHS = NO;
				ASSETCATALOG_COMPILER_GENERATE_SWIFT_ASSET_SYMBOL_EXTENSIONS = YES;
				CLANG_ANALYZER_NONNULL = YES;
				CLANG_ANALYZER_NUMBER_OBJECT_CONVERSION = YES_AGGRESSIVE;
				CLANG_CXX_LANGUAGE_STANDARD = "gnu++20";
				CLANG_ENABLE_MODULES = YES;
				CLANG_ENABLE_OBJC_ARC = YES;
				CLANG_ENABLE_OBJC_WEAK = YES;
				CLANG_WARN_BLOCK_CAPTURE_AUTORELEASING = YES;
				CLANG_WARN_BOOL_CONVERSION = YES;
				CLANG_WARN_COMMA = YES;
				CLANG_WARN_CONSTANT_CONVERSION = YES;
				CLANG_WARN_DEPRECATED_OBJC_IMPLEMENTATIONS = YES;
				CLANG_WARN_DIRECT_OBJC_ISA_USAGE = YES_ERROR;
				CLANG_WARN_DOCUMENTATION_COMMENTS = YES;
				CLANG_WARN_EMPTY_BODY = YES;
				CLANG_WARN_ENUM_CONVERSION = YES;
				CLANG_WARN_INFINITE_RECURSION = YES;
				CLANG_WARN_INT_CONVERSION = YES;
				CLANG_WARN_NON_LITERAL_NULL_CONVERSION = YES;
				CLANG_WARN_OBJC_IMPLICIT_RETAIN_SELF = YES;
				CLANG_WARN_OBJC_LITERAL_CONVERSION = YES;
				CLANG_WARN_OBJC_ROOT_CLASS = YES_ERROR;
				CLANG_WARN_QUOTED_INCLUDE_IN_FRAMEWORK_HEADER = YES;
				CLANG_WARN_RANGE_LOOP_ANALYSIS = YES;
				CLANG_WARN_STRICT_PROTOTYPES = YES;
				CLANG_WARN_SUSPICIOUS_MOVE = YES;
				CLANG_WARN_UNGUARDED_AVAILABILITY = YES_AGGRESSIVE;
				CLANG_WARN_UNREACHABLE_CODE = YES;
				CLANG_WARN__DUPLICATE_METHOD_MATCH = YES;
				COPY_PHASE_STRIP = NO;
				DEBUG_INFORMATION_FORMAT = dwarf;
				ENABLE_STRICT_OBJC_MSGSEND = YES;
				ENABLE_TESTABILITY = YES;
				ENABLE_USER_SCRIPT_SANDBOXING = YES;
				GCC_C_LANGUAGE_STANDARD = gnu17;
				GCC_DYNAMIC_NO_PIC = NO;
				GCC_NO_COMMON_BLOCKS = YES;
				GCC_OPTIMIZATION_LEVEL = 0;
				GCC_PREPROCESSOR_DEFINITIONS = (
					"DEBUG=1",
					"$(inherited)",
				);
				GCC_WARN_64_TO_32_BIT_CONVERSION = YES;
				GCC_WARN_ABOUT_RETURN_TYPE = YES_ERROR;
				GCC_WARN_UNDECLARED_SELECTOR = YES;
				GCC_WARN_UNINITIALIZED_AUTOS = YES_AGGRESSIVE;
				GCC_WARN_UNUSED_FUNCTION = YES;
				GCC_WARN_UNUSED_VARIABLE = YES;
				IPHONEOS_DEPLOYMENT_TARGET = 17.2;
				LOCALIZATION_PREFERS_STRING_CATALOGS = YES;
				MTL_ENABLE_DEBUG_INFO = INCLUDE_SOURCE;
				MTL_FAST_MATH = YES;
				ONLY_ACTIVE_ARCH = YES;
				SDKROOT = iphoneos;
				SWIFT_ACTIVE_COMPILATION_CONDITIONS = "DEBUG $(inherited)";
				SWIFT_OPTIMIZATION_LEVEL = "-Onone";
			};
			name = Debug;
		};
		9765D3A22E5B5968001A7DE4 /* Release */ = {
			isa = XCBuildConfiguration;
			buildSettings = {
				ALWAYS_SEARCH_USER_PATHS = NO;
				ASSETCATALOG_COMPILER_GENERATE_SWIFT_ASSET_SYMBOL_EXTENSIONS = YES;
				CLANG_ANALYZER_NONNULL = YES;
				CLANG_ANALYZER_NUMBER_OBJECT_CONVERSION = YES_AGGRESSIVE;
				CLANG_CXX_LANGUAGE_STANDARD = "gnu++20";
				CLANG_ENABLE_MODULES = YES;
				CLANG_ENABLE_OBJC_ARC = YES;
				CLANG_ENABLE_OBJC_WEAK = YES;
				CLANG_WARN_BLOCK_CAPTURE_AUTORELEASING = YES;
				CLANG_WARN_BOOL_CONVERSION = YES;
				CLANG_WARN_COMMA = YES;
				CLANG_WARN_CONSTANT_CONVERSION = YES;
				CLANG_WARN_DEPRECATED_OBJC_IMPLEMENTATIONS = YES;
				CLANG_WARN_DIRECT_OBJC_ISA_USAGE = YES_ERROR;
				CLANG_WARN_DOCUMENTATION_COMMENTS = YES;
				CLANG_WARN_EMPTY_BODY = YES;
				CLANG_WARN_ENUM_CONVERSION = YES;
				CLANG_WARN_INFINITE_RECURSION = YES;
				CLANG_WARN_INT_CONVERSION = YES;
				CLANG_WARN_NON_LITERAL_NULL_CONVERSION = YES;
				CLANG_WARN_OBJC_IMPLICIT_RETAIN_SELF = YES;
				CLANG_WARN_OBJC_LITERAL_CONVERSION = YES;
				CLANG_WARN_OBJC_ROOT_CLASS = YES_ERROR;
				CLANG_WARN_QUOTED_INCLUDE_IN_FRAMEWORK_HEADER = YES;
				CLANG_WARN_RANGE_LOOP_ANALYSIS = YES;
				CLANG_WARN_STRICT_PROTOTYPES = YES;
				CLANG_WARN_SUSPICIOUS_MOVE = YES;
				CLANG_WARN_UNGUARDED_AVAILABILITY = YES_AGGRESSIVE;
				CLANG_WARN_UNREACHABLE_CODE = YES;
				CLANG_WARN__DUPLICATE_METHOD_MATCH = YES;
				COPY_PHASE_STRIP = NO;
				DEBUG_INFORMATION_FORMAT = "dwarf-with-dsym";
				ENABLE_NS_ASSERTIONS = NO;
				ENABLE_STRICT_OBJC_MSGSEND = YES;
				ENABLE_USER_SCRIPT_SANDBOXING = YES;
				GCC_C_LANGUAGE_STANDARD = gnu17;
				GCC_NO_COMMON_BLOCKS = YES;
				GCC_WARN_64_TO_32_BIT_CONVERSION = YES;
				GCC_WARN_ABOUT_RETURN_TYPE = YES_ERROR;
				GCC_WARN_UNDECLARED_SELECTOR = YES;
				GCC_WARN_UNINITIALIZED_AUTOS = YES_AGGRESSIVE;
				GCC_WARN_UNUSED_FUNCTION = YES;
				GCC_WARN_UNUSED_VARIABLE = YES;
				IPHONEOS_DEPLOYMENT_TARGET = 17.2;
				LOCALIZATION_PREFERS_STRING_CATALOGS = YES;
				MTL_ENABLE_DEBUG_INFO = NO;
				MTL_FAST_MATH = YES;
				SDKROOT = iphoneos;
				SWIFT_COMPILATION_MODE = wholemodule;
				VALIDATE_PRODUCT = YES;
			};
			name = Release;
		};
		9765D3A42E5B5968001A7DE4 /* Debug */ = {
			isa = XCBuildConfiguration;
			buildSettings = {
				ASSETCATALOG_COMPILER_APPICON_NAME = AppIcon;
				ASSETCATALOG_COMPILER_GLOBAL_ACCENT_COLOR_NAME = AccentColor;
				CODE_SIGN_STYLE = Automatic;
				CURRENT_PROJECT_VERSION = 1;
				DEVELOPMENT_TEAM = T3RWBS3YY4;
				GENERATE_INFOPLIST_FILE = YES;
				INFOPLIST_FILE = ImageFeed/Info.plist;
				INFOPLIST_KEY_UIApplicationSupportsIndirectInputEvents = YES;
				INFOPLIST_KEY_UILaunchStoryboardName = LaunchScreen;
				INFOPLIST_KEY_UIMainStoryboardFile = Main;
				INFOPLIST_KEY_UISupportedInterfaceOrientations = UIInterfaceOrientationPortrait;
				IPHONEOS_DEPLOYMENT_TARGET = 17.0;
				LD_RUNPATH_SEARCH_PATHS = (
					"$(inherited)",
					"@executable_path/Frameworks",
				);
				MARKETING_VERSION = 1.0;
				PRODUCT_BUNDLE_IDENTIFIER = ru.alekseiypetrov.ImageFeed;
				PRODUCT_NAME = "$(TARGET_NAME)";
				SUPPORTED_PLATFORMS = "iphoneos iphonesimulator";
				SUPPORTS_MACCATALYST = NO;
				SUPPORTS_MAC_DESIGNED_FOR_IPHONE_IPAD = NO;
				SUPPORTS_XR_DESIGNED_FOR_IPHONE_IPAD = NO;
				SWIFT_EMIT_LOC_STRINGS = YES;
				SWIFT_VERSION = 5.0;
				TARGETED_DEVICE_FAMILY = 1;
			};
			name = Debug;
		};
		9765D3A52E5B5968001A7DE4 /* Release */ = {
			isa = XCBuildConfiguration;
			buildSettings = {
				ASSETCATALOG_COMPILER_APPICON_NAME = AppIcon;
				ASSETCATALOG_COMPILER_GLOBAL_ACCENT_COLOR_NAME = AccentColor;
				CODE_SIGN_STYLE = Automatic;
				CURRENT_PROJECT_VERSION = 1;
				DEVELOPMENT_TEAM = T3RWBS3YY4;
				GENERATE_INFOPLIST_FILE = YES;
				INFOPLIST_FILE = ImageFeed/Info.plist;
				INFOPLIST_KEY_UIApplicationSupportsIndirectInputEvents = YES;
				INFOPLIST_KEY_UILaunchStoryboardName = LaunchScreen;
				INFOPLIST_KEY_UIMainStoryboardFile = Main;
				INFOPLIST_KEY_UISupportedInterfaceOrientations = UIInterfaceOrientationPortrait;
				IPHONEOS_DEPLOYMENT_TARGET = 17.0;
				LD_RUNPATH_SEARCH_PATHS = (
					"$(inherited)",
					"@executable_path/Frameworks",
				);
				MARKETING_VERSION = 1.0;
				PRODUCT_BUNDLE_IDENTIFIER = ru.alekseiypetrov.ImageFeed;
				PRODUCT_NAME = "$(TARGET_NAME)";
				SUPPORTED_PLATFORMS = "iphoneos iphonesimulator";
				SUPPORTS_MACCATALYST = NO;
				SUPPORTS_MAC_DESIGNED_FOR_IPHONE_IPAD = NO;
				SUPPORTS_XR_DESIGNED_FOR_IPHONE_IPAD = NO;
				SWIFT_EMIT_LOC_STRINGS = YES;
				SWIFT_VERSION = 5.0;
				TARGETED_DEVICE_FAMILY = 1;
			};
			name = Release;
		};
/* End XCBuildConfiguration section */

/* Begin XCConfigurationList section */
		9765D38A2E5B5961001A7DE4 /* Build configuration list for PBXProject "ImageFeed" */ = {
			isa = XCConfigurationList;
			buildConfigurations = (
				9765D3A12E5B5968001A7DE4 /* Debug */,
				9765D3A22E5B5968001A7DE4 /* Release */,
			);
			defaultConfigurationIsVisible = 0;
			defaultConfigurationName = Release;
		};
		9765D3A32E5B5968001A7DE4 /* Build configuration list for PBXNativeTarget "ImageFeed" */ = {
			isa = XCConfigurationList;
			buildConfigurations = (
				9765D3A42E5B5968001A7DE4 /* Debug */,
				9765D3A52E5B5968001A7DE4 /* Release */,
			);
			defaultConfigurationIsVisible = 0;
			defaultConfigurationName = Release;
		};
/* End XCConfigurationList section */
	};
	rootObject = 9765D3872E5B5961001A7DE4 /* Project object */;
}
