// !$*UTF8*$!
{
	archiveVersion = 1;
	classes = {
	};
	objectVersion = 56;
	objects = {

/* Begin PBXBuildFile section */
		97272FD72E8811AD004B4068 /* AuthViewController.swift in Sources */ = {isa = PBXBuildFile; fileRef = 97272FD62E8811AD004B4068 /* AuthViewController.swift */; };
		97272FD92E8827CA004B4068 /* WebViewViewController.swift in Sources */ = {isa = PBXBuildFile; fileRef = 97272FD82E8827CA004B4068 /* WebViewViewController.swift */; };
		97272FDB2E88375E004B4068 /* WebViewControllerDelegate.swift in Sources */ = {isa = PBXBuildFile; fileRef = 97272FDA2E88375E004B4068 /* WebViewControllerDelegate.swift */; };
		973A36492E9128C800D4C907 /* UIBlockingProgressHUD.swift in Sources */ = {isa = PBXBuildFile; fileRef = 973A36482E9128C800D4C907 /* UIBlockingProgressHUD.swift */; };
		973A364D2E9133FB00D4C907 /* ProfileService.swift in Sources */ = {isa = PBXBuildFile; fileRef = 973A364C2E9133FB00D4C907 /* ProfileService.swift */; };
		974996272E685F4C000DC02F /* ProfileViewController.swift in Sources */ = {isa = PBXBuildFile; fileRef = 974996262E685F4C000DC02F /* ProfileViewController.swift */; };
		9749962A2E699673000DC02F /* SingleImageViewController.swift in Sources */ = {isa = PBXBuildFile; fileRef = 974996292E699673000DC02F /* SingleImageViewController.swift */; };
		974C76652E97FFD400DB2FA7 /* SnaceCaseDecoder.swift in Sources */ = {isa = PBXBuildFile; fileRef = 974C76642E97FFD400DB2FA7 /* SnaceCaseDecoder.swift */; };
		974C76682E98002000DB2FA7 /* Profile.swift in Sources */ = {isa = PBXBuildFile; fileRef = 974C76672E98002000DB2FA7 /* Profile.swift */; };
		974C766A2E98002C00DB2FA7 /* ProfileResult.swift in Sources */ = {isa = PBXBuildFile; fileRef = 974C76692E98002C00DB2FA7 /* ProfileResult.swift */; };
		974C766C2E98009B00DB2FA7 /* ProfileImage.swift in Sources */ = {isa = PBXBuildFile; fileRef = 974C766B2E98009B00DB2FA7 /* ProfileImage.swift */; };
		974C766E2E9800C000DB2FA7 /* UserResult.swift in Sources */ = {isa = PBXBuildFile; fileRef = 974C766D2E9800C000DB2FA7 /* UserResult.swift */; };
		974C76702E9800EA00DB2FA7 /* OAuthTokenResponseBody.swift in Sources */ = {isa = PBXBuildFile; fileRef = 974C766F2E9800EA00DB2FA7 /* OAuthTokenResponseBody.swift */; };
		974C76722E98014200DB2FA7 /* AuthViewControllerDelegate.swift in Sources */ = {isa = PBXBuildFile; fileRef = 974C76712E98014200DB2FA7 /* AuthViewControllerDelegate.swift */; };
		9759FD182E9392BF00739A94 /* ProfileImageService.swift in Sources */ = {isa = PBXBuildFile; fileRef = 9759FD172E9392BF00739A94 /* ProfileImageService.swift */; };
		9759FD1A2E94E38E00739A94 /* URLSession+objectTask.swift in Sources */ = {isa = PBXBuildFile; fileRef = 9759FD192E94E38E00739A94 /* URLSession+objectTask.swift */; };
		9759FD1D2E9503C300739A94 /* Kingfisher in Frameworks */ = {isa = PBXBuildFile; productRef = 9759FD1C2E9503C300739A94 /* Kingfisher */; };
		9759FD202E95399300739A94 /* SwiftKeychainWrapper in Frameworks */ = {isa = PBXBuildFile; productRef = 9759FD1F2E95399300739A94 /* SwiftKeychainWrapper */; };
		9759FD222E95570E00739A94 /* TabBarController.swift in Sources */ = {isa = PBXBuildFile; fileRef = 9759FD212E95570E00739A94 /* TabBarController.swift */; };
		975A509D2E959EAD00987828 /* Kingfisher in Frameworks */ = {isa = PBXBuildFile; productRef = 975A509C2E959EAD00987828 /* Kingfisher */; };
		9765D3932E5B5961001A7DE4 /* AppDelegate.swift in Sources */ = {isa = PBXBuildFile; fileRef = 9765D3922E5B5961001A7DE4 /* AppDelegate.swift */; };
		9765D3952E5B5961001A7DE4 /* SceneDelegate.swift in Sources */ = {isa = PBXBuildFile; fileRef = 9765D3942E5B5961001A7DE4 /* SceneDelegate.swift */; };
		9765D3972E5B5961001A7DE4 /* ImagesListViewController.swift in Sources */ = {isa = PBXBuildFile; fileRef = 9765D3962E5B5961001A7DE4 /* ImagesListViewController.swift */; };
		9765D39A2E5B5961001A7DE4 /* Main.storyboard in Resources */ = {isa = PBXBuildFile; fileRef = 9765D3982E5B5961001A7DE4 /* Main.storyboard */; };
		9765D39C2E5B5968001A7DE4 /* Assets.xcassets in Resources */ = {isa = PBXBuildFile; fileRef = 9765D39B2E5B5968001A7DE4 /* Assets.xcassets */; };
		9765D39F2E5B5968001A7DE4 /* LaunchScreen.storyboard in Resources */ = {isa = PBXBuildFile; fileRef = 9765D39D2E5B5968001A7DE4 /* LaunchScreen.storyboard */; };
		9774F4042E9A6B97009D1747 /* ImagesListService.swift in Sources */ = {isa = PBXBuildFile; fileRef = 9774F4032E9A6B97009D1747 /* ImagesListService.swift */; };
		9774F4062E9A6BA5009D1747 /* Photo.swift in Sources */ = {isa = PBXBuildFile; fileRef = 9774F4052E9A6BA5009D1747 /* Photo.swift */; };
		9774F4082E9A7735009D1747 /* PhotoResult.swift in Sources */ = {isa = PBXBuildFile; fileRef = 9774F4072E9A7735009D1747 /* PhotoResult.swift */; };
		9774F40A2E9A7743009D1747 /* UrlsResult.swift in Sources */ = {isa = PBXBuildFile; fileRef = 9774F4092E9A7743009D1747 /* UrlsResult.swift */; };
		9786C4EA2E9E75B500EF83DF /* WebViewPresenter.swift in Sources */ = {isa = PBXBuildFile; fileRef = 9786C4E92E9E75B500EF83DF /* WebViewPresenter.swift */; };
		9786C4EC2E9E7FC300EF83DF /* AuthHelper.swift in Sources */ = {isa = PBXBuildFile; fileRef = 9786C4EB2E9E7FC300EF83DF /* AuthHelper.swift */; };
		9786C4F42E9E97FE00EF83DF /* WebViewTests.swift in Sources */ = {isa = PBXBuildFile; fileRef = 9786C4F32E9E97FE00EF83DF /* WebViewTests.swift */; };
		9786C4FB2E9E9A4E00EF83DF /* WebViewPresenterSpy.swift in Sources */ = {isa = PBXBuildFile; fileRef = 9786C4FA2E9E9A4E00EF83DF /* WebViewPresenterSpy.swift */; };
		9786C4FD2E9E9C3100EF83DF /* WebViewViewControllerSpy.swift in Sources */ = {isa = PBXBuildFile; fileRef = 9786C4FC2E9E9C3100EF83DF /* WebViewViewControllerSpy.swift */; };
		9786C5002E9ECB2300EF83DF /* ProfilePresenter.swift in Sources */ = {isa = PBXBuildFile; fileRef = 9786C4FF2E9ECB2300EF83DF /* ProfilePresenter.swift */; };
		9786C5032E9EE89800EF83DF /* ProfileTests.swift in Sources */ = {isa = PBXBuildFile; fileRef = 9786C5022E9EE89800EF83DF /* ProfileTests.swift */; };
		9786C5052E9EEC2F00EF83DF /* ProfileViewControllerSpy.swift in Sources */ = {isa = PBXBuildFile; fileRef = 9786C5042E9EEC2F00EF83DF /* ProfileViewControllerSpy.swift */; };
		9786C5072E9EEC3F00EF83DF /* ProfilePresenterSpy.swift in Sources */ = {isa = PBXBuildFile; fileRef = 9786C5062E9EEC3F00EF83DF /* ProfilePresenterSpy.swift */; };
		9786C5092E9EF36400EF83DF /* ProfilePresenterStub.swift in Sources */ = {isa = PBXBuildFile; fileRef = 9786C5082E9EF36400EF83DF /* ProfilePresenterStub.swift */; };
		9786C50B2E9EF9B700EF83DF /* ImagesListPresenter.swift in Sources */ = {isa = PBXBuildFile; fileRef = 9786C50A2E9EF9B700EF83DF /* ImagesListPresenter.swift */; };
		9786C50D2E9EFA5000EF83DF /* Date+safe.swift in Sources */ = {isa = PBXBuildFile; fileRef = 9786C50C2E9EFA5000EF83DF /* Date+safe.swift */; };
		9786C50F2E9F104600EF83DF /* ProfileViewControllerStub.swift in Sources */ = {isa = PBXBuildFile; fileRef = 9786C50E2E9F104600EF83DF /* ProfileViewControllerStub.swift */; };
		9786C5122E9F122900EF83DF /* ImagesListTests.swift in Sources */ = {isa = PBXBuildFile; fileRef = 9786C5112E9F122900EF83DF /* ImagesListTests.swift */; };
		9786C5142E9F179F00EF83DF /* ImagesListViewControllerSpy.swift in Sources */ = {isa = PBXBuildFile; fileRef = 9786C5132E9F179F00EF83DF /* ImagesListViewControllerSpy.swift */; };
		9786C5162E9F17B000EF83DF /* ImagesListPresenterSpy.swift in Sources */ = {isa = PBXBuildFile; fileRef = 9786C5152E9F17B000EF83DF /* ImagesListPresenterSpy.swift */; };
		9786C5182E9F17C100EF83DF /* ImagesListPresenterStub.swift in Sources */ = {isa = PBXBuildFile; fileRef = 9786C5172E9F17C100EF83DF /* ImagesListPresenterStub.swift */; };
		979B4A6C2E9CEE0300020FE3 /* NetworkError.swift in Sources */ = {isa = PBXBuildFile; fileRef = 979B4A6B2E9CEE0300020FE3 /* NetworkError.swift */; };
		97A12E122E66D4A200666A65 /* ImagesListCell.swift in Sources */ = {isa = PBXBuildFile; fileRef = 97A12E112E66D4A200666A65 /* ImagesListCell.swift */; };
		97B0A1F42E9C0BBD004ACBEA /* ImagesListCellDelegate.swift in Sources */ = {isa = PBXBuildFile; fileRef = 97B0A1F32E9C0BBD004ACBEA /* ImagesListCellDelegate.swift */; };
		97B0A1F72E9C3D77004ACBEA /* ProfileLogoutService.swift in Sources */ = {isa = PBXBuildFile; fileRef = 97B0A1F62E9C3D77004ACBEA /* ProfileLogoutService.swift */; };
		97C14EB42E8D45430051CD46 /* ProgressHUD in Frameworks */ = {isa = PBXBuildFile; productRef = 97C14EB32E8D45430051CD46 /* ProgressHUD */; };
		97CD5D472E6CD0FC00F0A457 /* AuthConfiguration.swift in Sources */ = {isa = PBXBuildFile; fileRef = 97CD5D462E6CD0FC00F0A457 /* AuthConfiguration.swift */; };
		97DEB7962E8ABB9600A34487 /* OAuth2Service.swift in Sources */ = {isa = PBXBuildFile; fileRef = 97DEB7952E8ABB9600A34487 /* OAuth2Service.swift */; };
		97DEB7982E8ABF4F00A34487 /* URLSession+data.swift in Sources */ = {isa = PBXBuildFile; fileRef = 97DEB7972E8ABF4F00A34487 /* URLSession+data.swift */; };
		97DEB79A2E8AC5D000A34487 /* OAuth2TokenStorage.swift in Sources */ = {isa = PBXBuildFile; fileRef = 97DEB7992E8AC5D000A34487 /* OAuth2TokenStorage.swift */; };
		97DEB79C2E8ADA1500A34487 /* SplashViewController.swift in Sources */ = {isa = PBXBuildFile; fileRef = 97DEB79B2E8ADA1500A34487 /* SplashViewController.swift */; };
		97DEB7A02E8D142A00A34487 /* WebKit.framework in Frameworks */ = {isa = PBXBuildFile; fileRef = 97DEB79F2E8D142A00A34487 /* WebKit.framework */; };
/* End PBXBuildFile section */

/* Begin PBXContainerItemProxy section */
		9786C4F52E9E97FE00EF83DF /* PBXContainerItemProxy */ = {
			isa = PBXContainerItemProxy;
			containerPortal = 9765D3872E5B5961001A7DE4 /* Project object */;
			proxyType = 1;
			remoteGlobalIDString = 9765D38E2E5B5961001A7DE4;
			remoteInfo = ImageFeed;
		};
/* End PBXContainerItemProxy section */

/* Begin PBXFileReference section */
		97272FD62E8811AD004B4068 /* AuthViewController.swift */ = {isa = PBXFileReference; lastKnownFileType = sourcecode.swift; path = AuthViewController.swift; sourceTree = "<group>"; };
		97272FD82E8827CA004B4068 /* WebViewViewController.swift */ = {isa = PBXFileReference; lastKnownFileType = sourcecode.swift; path = WebViewViewController.swift; sourceTree = "<group>"; };
		97272FDA2E88375E004B4068 /* WebViewControllerDelegate.swift */ = {isa = PBXFileReference; lastKnownFileType = sourcecode.swift; path = WebViewControllerDelegate.swift; sourceTree = "<group>"; };
		973A36482E9128C800D4C907 /* UIBlockingProgressHUD.swift */ = {isa = PBXFileReference; lastKnownFileType = sourcecode.swift; path = UIBlockingProgressHUD.swift; sourceTree = "<group>"; };
		973A364C2E9133FB00D4C907 /* ProfileService.swift */ = {isa = PBXFileReference; lastKnownFileType = sourcecode.swift; path = ProfileService.swift; sourceTree = "<group>"; };
		974996262E685F4C000DC02F /* ProfileViewController.swift */ = {isa = PBXFileReference; lastKnownFileType = sourcecode.swift; path = ProfileViewController.swift; sourceTree = "<group>"; };
		974996292E699673000DC02F /* SingleImageViewController.swift */ = {isa = PBXFileReference; lastKnownFileType = sourcecode.swift; path = SingleImageViewController.swift; sourceTree = "<group>"; };
		974C76642E97FFD400DB2FA7 /* SnaceCaseDecoder.swift */ = {isa = PBXFileReference; lastKnownFileType = sourcecode.swift; path = SnaceCaseDecoder.swift; sourceTree = "<group>"; };
		974C76672E98002000DB2FA7 /* Profile.swift */ = {isa = PBXFileReference; lastKnownFileType = sourcecode.swift; path = Profile.swift; sourceTree = "<group>"; };
		974C76692E98002C00DB2FA7 /* ProfileResult.swift */ = {isa = PBXFileReference; lastKnownFileType = sourcecode.swift; path = ProfileResult.swift; sourceTree = "<group>"; };
		974C766B2E98009B00DB2FA7 /* ProfileImage.swift */ = {isa = PBXFileReference; lastKnownFileType = sourcecode.swift; path = ProfileImage.swift; sourceTree = "<group>"; };
		974C766D2E9800C000DB2FA7 /* UserResult.swift */ = {isa = PBXFileReference; lastKnownFileType = sourcecode.swift; path = UserResult.swift; sourceTree = "<group>"; };
		974C766F2E9800EA00DB2FA7 /* OAuthTokenResponseBody.swift */ = {isa = PBXFileReference; lastKnownFileType = sourcecode.swift; path = OAuthTokenResponseBody.swift; sourceTree = "<group>"; };
		974C76712E98014200DB2FA7 /* AuthViewControllerDelegate.swift */ = {isa = PBXFileReference; lastKnownFileType = sourcecode.swift; path = AuthViewControllerDelegate.swift; sourceTree = "<group>"; };
		9759FD172E9392BF00739A94 /* ProfileImageService.swift */ = {isa = PBXFileReference; lastKnownFileType = sourcecode.swift; path = ProfileImageService.swift; sourceTree = "<group>"; };
		9759FD192E94E38E00739A94 /* URLSession+objectTask.swift */ = {isa = PBXFileReference; lastKnownFileType = sourcecode.swift; path = "URLSession+objectTask.swift"; sourceTree = "<group>"; };
		9759FD212E95570E00739A94 /* TabBarController.swift */ = {isa = PBXFileReference; lastKnownFileType = sourcecode.swift; path = TabBarController.swift; sourceTree = "<group>"; };
		9765D38F2E5B5961001A7DE4 /* ImageFeed.app */ = {isa = PBXFileReference; explicitFileType = wrapper.application; includeInIndex = 0; path = ImageFeed.app; sourceTree = BUILT_PRODUCTS_DIR; };
		9765D3922E5B5961001A7DE4 /* AppDelegate.swift */ = {isa = PBXFileReference; lastKnownFileType = sourcecode.swift; path = AppDelegate.swift; sourceTree = "<group>"; };
		9765D3942E5B5961001A7DE4 /* SceneDelegate.swift */ = {isa = PBXFileReference; lastKnownFileType = sourcecode.swift; path = SceneDelegate.swift; sourceTree = "<group>"; };
		9765D3962E5B5961001A7DE4 /* ImagesListViewController.swift */ = {isa = PBXFileReference; lastKnownFileType = sourcecode.swift; path = ImagesListViewController.swift; sourceTree = "<group>"; };
		9765D3992E5B5961001A7DE4 /* Base */ = {isa = PBXFileReference; lastKnownFileType = file.storyboard; name = Base; path = Base.lproj/Main.storyboard; sourceTree = "<group>"; };
		9765D39B2E5B5968001A7DE4 /* Assets.xcassets */ = {isa = PBXFileReference; lastKnownFileType = folder.assetcatalog; path = Assets.xcassets; sourceTree = "<group>"; };
		9765D39E2E5B5968001A7DE4 /* Base */ = {isa = PBXFileReference; lastKnownFileType = file.storyboard; name = Base; path = Base.lproj/LaunchScreen.storyboard; sourceTree = "<group>"; };
		9765D3A02E5B5968001A7DE4 /* Info.plist */ = {isa = PBXFileReference; lastKnownFileType = text.plist.xml; path = Info.plist; sourceTree = "<group>"; };
		9774F4032E9A6B97009D1747 /* ImagesListService.swift */ = {isa = PBXFileReference; lastKnownFileType = sourcecode.swift; path = ImagesListService.swift; sourceTree = "<group>"; };
		9774F4052E9A6BA5009D1747 /* Photo.swift */ = {isa = PBXFileReference; lastKnownFileType = sourcecode.swift; path = Photo.swift; sourceTree = "<group>"; };
		9774F4072E9A7735009D1747 /* PhotoResult.swift */ = {isa = PBXFileReference; lastKnownFileType = sourcecode.swift; path = PhotoResult.swift; sourceTree = "<group>"; };
		9774F4092E9A7743009D1747 /* UrlsResult.swift */ = {isa = PBXFileReference; lastKnownFileType = sourcecode.swift; path = UrlsResult.swift; sourceTree = "<group>"; };
		9786C4E92E9E75B500EF83DF /* WebViewPresenter.swift */ = {isa = PBXFileReference; lastKnownFileType = sourcecode.swift; path = WebViewPresenter.swift; sourceTree = "<group>"; };
		9786C4EB2E9E7FC300EF83DF /* AuthHelper.swift */ = {isa = PBXFileReference; lastKnownFileType = sourcecode.swift; path = AuthHelper.swift; sourceTree = "<group>"; };
		9786C4F12E9E97FE00EF83DF /* ImageFeedTests.xctest */ = {isa = PBXFileReference; explicitFileType = wrapper.cfbundle; includeInIndex = 0; path = ImageFeedTests.xctest; sourceTree = BUILT_PRODUCTS_DIR; };
		9786C4F32E9E97FE00EF83DF /* WebViewTests.swift */ = {isa = PBXFileReference; lastKnownFileType = sourcecode.swift; path = WebViewTests.swift; sourceTree = "<group>"; };
		9786C4FA2E9E9A4E00EF83DF /* WebViewPresenterSpy.swift */ = {isa = PBXFileReference; lastKnownFileType = sourcecode.swift; path = WebViewPresenterSpy.swift; sourceTree = "<group>"; };
		9786C4FC2E9E9C3100EF83DF /* WebViewViewControllerSpy.swift */ = {isa = PBXFileReference; lastKnownFileType = sourcecode.swift; path = WebViewViewControllerSpy.swift; sourceTree = "<group>"; };
		9786C4FF2E9ECB2300EF83DF /* ProfilePresenter.swift */ = {isa = PBXFileReference; lastKnownFileType = sourcecode.swift; path = ProfilePresenter.swift; sourceTree = "<group>"; };
		9786C5022E9EE89800EF83DF /* ProfileTests.swift */ = {isa = PBXFileReference; lastKnownFileType = sourcecode.swift; path = ProfileTests.swift; sourceTree = "<group>"; };
		9786C5042E9EEC2F00EF83DF /* ProfileViewControllerSpy.swift */ = {isa = PBXFileReference; lastKnownFileType = sourcecode.swift; path = ProfileViewControllerSpy.swift; sourceTree = "<group>"; };
		9786C5062E9EEC3F00EF83DF /* ProfilePresenterSpy.swift */ = {isa = PBXFileReference; lastKnownFileType = sourcecode.swift; path = ProfilePresenterSpy.swift; sourceTree = "<group>"; };
		9786C5082E9EF36400EF83DF /* ProfilePresenterStub.swift */ = {isa = PBXFileReference; lastKnownFileType = sourcecode.swift; path = ProfilePresenterStub.swift; sourceTree = "<group>"; };
		9786C50A2E9EF9B700EF83DF /* ImagesListPresenter.swift */ = {isa = PBXFileReference; lastKnownFileType = sourcecode.swift; path = ImagesListPresenter.swift; sourceTree = "<group>"; };
		9786C50C2E9EFA5000EF83DF /* Date+safe.swift */ = {isa = PBXFileReference; lastKnownFileType = sourcecode.swift; path = "Date+safe.swift"; sourceTree = "<group>"; };
		9786C50E2E9F104600EF83DF /* ProfileViewControllerStub.swift */ = {isa = PBXFileReference; lastKnownFileType = sourcecode.swift; path = ProfileViewControllerStub.swift; sourceTree = "<group>"; };
		9786C5112E9F122900EF83DF /* ImagesListTests.swift */ = {isa = PBXFileReference; lastKnownFileType = sourcecode.swift; path = ImagesListTests.swift; sourceTree = "<group>"; };
		9786C5132E9F179F00EF83DF /* ImagesListViewControllerSpy.swift */ = {isa = PBXFileReference; lastKnownFileType = sourcecode.swift; path = ImagesListViewControllerSpy.swift; sourceTree = "<group>"; };
		9786C5152E9F17B000EF83DF /* ImagesListPresenterSpy.swift */ = {isa = PBXFileReference; lastKnownFileType = sourcecode.swift; path = ImagesListPresenterSpy.swift; sourceTree = "<group>"; };
		9786C5172E9F17C100EF83DF /* ImagesListPresenterStub.swift */ = {isa = PBXFileReference; lastKnownFileType = sourcecode.swift; path = ImagesListPresenterStub.swift; sourceTree = "<group>"; };
		979B4A6B2E9CEE0300020FE3 /* NetworkError.swift */ = {isa = PBXFileReference; lastKnownFileType = sourcecode.swift; path = NetworkError.swift; sourceTree = "<group>"; };
		97A12E112E66D4A200666A65 /* ImagesListCell.swift */ = {isa = PBXFileReference; lastKnownFileType = sourcecode.swift; path = ImagesListCell.swift; sourceTree = "<group>"; };
		97B0A1F32E9C0BBD004ACBEA /* ImagesListCellDelegate.swift */ = {isa = PBXFileReference; lastKnownFileType = sourcecode.swift; path = ImagesListCellDelegate.swift; sourceTree = "<group>"; };
		97B0A1F62E9C3D77004ACBEA /* ProfileLogoutService.swift */ = {isa = PBXFileReference; lastKnownFileType = sourcecode.swift; path = ProfileLogoutService.swift; sourceTree = "<group>"; };
		97CD5D462E6CD0FC00F0A457 /* AuthConfiguration.swift */ = {isa = PBXFileReference; lastKnownFileType = sourcecode.swift; path = AuthConfiguration.swift; sourceTree = "<group>"; };
		97DEB7952E8ABB9600A34487 /* OAuth2Service.swift */ = {isa = PBXFileReference; lastKnownFileType = sourcecode.swift; path = OAuth2Service.swift; sourceTree = "<group>"; };
		97DEB7972E8ABF4F00A34487 /* URLSession+data.swift */ = {isa = PBXFileReference; lastKnownFileType = sourcecode.swift; path = "URLSession+data.swift"; sourceTree = "<group>"; };
		97DEB7992E8AC5D000A34487 /* OAuth2TokenStorage.swift */ = {isa = PBXFileReference; lastKnownFileType = sourcecode.swift; path = OAuth2TokenStorage.swift; sourceTree = "<group>"; };
		97DEB79B2E8ADA1500A34487 /* SplashViewController.swift */ = {isa = PBXFileReference; lastKnownFileType = sourcecode.swift; path = SplashViewController.swift; sourceTree = "<group>"; };
		97DEB79F2E8D142A00A34487 /* WebKit.framework */ = {isa = PBXFileReference; lastKnownFileType = wrapper.framework; name = WebKit.framework; path = System/Library/Frameworks/WebKit.framework; sourceTree = SDKROOT; };
/* End PBXFileReference section */

/* Begin PBXFrameworksBuildPhase section */
		9765D38C2E5B5961001A7DE4 /* Frameworks */ = {
			isa = PBXFrameworksBuildPhase;
			buildActionMask = 2147483647;
			files = (
				9759FD1D2E9503C300739A94 /* Kingfisher in Frameworks */,
				97DEB7A02E8D142A00A34487 /* WebKit.framework in Frameworks */,
				9759FD202E95399300739A94 /* SwiftKeychainWrapper in Frameworks */,
				97C14EB42E8D45430051CD46 /* ProgressHUD in Frameworks */,
				975A509D2E959EAD00987828 /* Kingfisher in Frameworks */,
			);
			runOnlyForDeploymentPostprocessing = 0;
		};
		9786C4EE2E9E97FE00EF83DF /* Frameworks */ = {
			isa = PBXFrameworksBuildPhase;
			buildActionMask = 2147483647;
			files = (
			);
			runOnlyForDeploymentPostprocessing = 0;
		};
/* End PBXFrameworksBuildPhase section */

/* Begin PBXGroup section */
		97272FD52E881195004B4068 /* Auth */ = {
			isa = PBXGroup;
			children = (
				97272FD62E8811AD004B4068 /* AuthViewController.swift */,
				97272FD82E8827CA004B4068 /* WebViewViewController.swift */,
				97272FDA2E88375E004B4068 /* WebViewControllerDelegate.swift */,
				974C76712E98014200DB2FA7 /* AuthViewControllerDelegate.swift */,
				9786C4E92E9E75B500EF83DF /* WebViewPresenter.swift */,
				9786C4EB2E9E7FC300EF83DF /* AuthHelper.swift */,
			);
			path = Auth;
			sourceTree = "<group>";
		};
		973A364A2E9133A500D4C907 /* Services */ = {
			isa = PBXGroup;
			children = (
				9774F4022E9A6B81009D1747 /* Images */,
				97B8D3502E91A041003B56DC /* Profile */,
				97B8D34E2E91A028003B56DC /* Auth */,
			);
			path = Services;
			sourceTree = "<group>";
		};
		974996252E685F2D000DC02F /* Profile */ = {
			isa = PBXGroup;
			children = (
				974996262E685F4C000DC02F /* ProfileViewController.swift */,
				9786C4FF2E9ECB2300EF83DF /* ProfilePresenter.swift */,
			);
			path = Profile;
			sourceTree = "<group>";
		};
		974996282E699655000DC02F /* SingleImage */ = {
			isa = PBXGroup;
			children = (
				974996292E699673000DC02F /* SingleImageViewController.swift */,
			);
			path = SingleImage;
			sourceTree = "<group>";
		};
		974C76662E97FFFD00DB2FA7 /* Models */ = {
			isa = PBXGroup;
			children = (
				974C76672E98002000DB2FA7 /* Profile.swift */,
				974C76692E98002C00DB2FA7 /* ProfileResult.swift */,
				974C766B2E98009B00DB2FA7 /* ProfileImage.swift */,
				974C766D2E9800C000DB2FA7 /* UserResult.swift */,
				974C766F2E9800EA00DB2FA7 /* OAuthTokenResponseBody.swift */,
				9774F4052E9A6BA5009D1747 /* Photo.swift */,
				9774F4072E9A7735009D1747 /* PhotoResult.swift */,
				9774F4092E9A7743009D1747 /* UrlsResult.swift */,
			);
			path = Models;
			sourceTree = "<group>";
		};
		9759FD262E956C2900739A94 /* TabBar */ = {
			isa = PBXGroup;
			children = (
				9759FD212E95570E00739A94 /* TabBarController.swift */,
			);
			path = TabBar;
			sourceTree = "<group>";
		};
		9765D3862E5B5961001A7DE4 = {
			isa = PBXGroup;
			children = (
				9765D3912E5B5961001A7DE4 /* ImageFeed */,
				9786C4F22E9E97FE00EF83DF /* ImageFeedTests */,
				9765D3902E5B5961001A7DE4 /* Products */,
				97DEB79E2E8D142900A34487 /* Frameworks */,
			);
			sourceTree = "<group>";
		};
		9765D3902E5B5961001A7DE4 /* Products */ = {
			isa = PBXGroup;
			children = (
				9765D38F2E5B5961001A7DE4 /* ImageFeed.app */,
				9786C4F12E9E97FE00EF83DF /* ImageFeedTests.xctest */,
			);
			name = Products;
			sourceTree = "<group>";
		};
		9765D3912E5B5961001A7DE4 /* ImageFeed */ = {
			isa = PBXGroup;
			children = (
				979B4A6F2E9CEF0F00020FE3 /* Resources */,
				979B4A6E2E9CEEC100020FE3 /* Presentation */,
				979B4A692E9CEDC100020FE3 /* Core */,
				979B4A682E9CED9A00020FE3 /* Application */,
				973A364A2E9133A500D4C907 /* Services */,
			);
			path = ImageFeed;
			sourceTree = "<group>";
		};
		9774F4022E9A6B81009D1747 /* Images */ = {
			isa = PBXGroup;
			children = (
				9774F4032E9A6B97009D1747 /* ImagesListService.swift */,
			);
			path = Images;
			sourceTree = "<group>";
		};
		9786C4F22E9E97FE00EF83DF /* ImageFeedTests */ = {
			isa = PBXGroup;
			children = (
				9786C5102E9F121700EF83DF /* ImagesList */,
				9786C5012E9EE88100EF83DF /* Profile */,
				9786C4FE2E9EC9C700EF83DF /* WebView */,
			);
			path = ImageFeedTests;
			sourceTree = "<group>";
		};
		9786C4FE2E9EC9C700EF83DF /* WebView */ = {
			isa = PBXGroup;
			children = (
				9786C4F32E9E97FE00EF83DF /* WebViewTests.swift */,
				9786C4FA2E9E9A4E00EF83DF /* WebViewPresenterSpy.swift */,
				9786C4FC2E9E9C3100EF83DF /* WebViewViewControllerSpy.swift */,
			);
			path = WebView;
			sourceTree = "<group>";
		};
		9786C5012E9EE88100EF83DF /* Profile */ = {
			isa = PBXGroup;
			children = (
				9786C5022E9EE89800EF83DF /* ProfileTests.swift */,
				9786C5042E9EEC2F00EF83DF /* ProfileViewControllerSpy.swift */,
				9786C5062E9EEC3F00EF83DF /* ProfilePresenterSpy.swift */,
				9786C5082E9EF36400EF83DF /* ProfilePresenterStub.swift */,
				9786C50E2E9F104600EF83DF /* ProfileViewControllerStub.swift */,
			);
			path = Profile;
			sourceTree = "<group>";
		};
		9786C5102E9F121700EF83DF /* ImagesList */ = {
			isa = PBXGroup;
			children = (
				9786C5112E9F122900EF83DF /* ImagesListTests.swift */,
				9786C5132E9F179F00EF83DF /* ImagesListViewControllerSpy.swift */,
				9786C5152E9F17B000EF83DF /* ImagesListPresenterSpy.swift */,
				9786C5172E9F17C100EF83DF /* ImagesListPresenterStub.swift */,
			);
			path = ImagesList;
			sourceTree = "<group>";
		};
		979B4A682E9CED9A00020FE3 /* Application */ = {
			isa = PBXGroup;
			children = (
				97CD5D462E6CD0FC00F0A457 /* AuthConfiguration.swift */,
				974C76642E97FFD400DB2FA7 /* SnaceCaseDecoder.swift */,
				9765D3922E5B5961001A7DE4 /* AppDelegate.swift */,
				973A36482E9128C800D4C907 /* UIBlockingProgressHUD.swift */,
				9765D3942E5B5961001A7DE4 /* SceneDelegate.swift */,
			);
			path = Application;
			sourceTree = "<group>";
		};
		979B4A692E9CEDC100020FE3 /* Core */ = {
			isa = PBXGroup;
			children = (
				979B4A6D2E9CEE3A00020FE3 /* Storage */,
				97B8D34F2E91A030003B56DC /* Network */,
				974C76662E97FFFD00DB2FA7 /* Models */,
			);
			path = Core;
			sourceTree = "<group>";
		};
		979B4A6D2E9CEE3A00020FE3 /* Storage */ = {
			isa = PBXGroup;
			children = (
				97DEB7992E8AC5D000A34487 /* OAuth2TokenStorage.swift */,
			);
			path = Storage;
			sourceTree = "<group>";
		};
		979B4A6E2E9CEEC100020FE3 /* Presentation */ = {
			isa = PBXGroup;
			children = (
				97A12E132E66D56400666A65 /* ImagesList */,
				974996282E699655000DC02F /* SingleImage */,
				974996252E685F2D000DC02F /* Profile */,
				9759FD262E956C2900739A94 /* TabBar */,
				97272FD52E881195004B4068 /* Auth */,
				97DEB79D2E8ADDB600A34487 /* Splash */,
			);
			path = Presentation;
			sourceTree = "<group>";
		};
		979B4A6F2E9CEF0F00020FE3 /* Resources */ = {
			isa = PBXGroup;
			children = (
				9765D3982E5B5961001A7DE4 /* Main.storyboard */,
				9765D39B2E5B5968001A7DE4 /* Assets.xcassets */,
				9765D39D2E5B5968001A7DE4 /* LaunchScreen.storyboard */,
				9765D3A02E5B5968001A7DE4 /* Info.plist */,
			);
			path = Resources;
			sourceTree = "<group>";
		};
		97A12E132E66D56400666A65 /* ImagesList */ = {
			isa = PBXGroup;
			children = (
				97A12E112E66D4A200666A65 /* ImagesListCell.swift */,
				9765D3962E5B5961001A7DE4 /* ImagesListViewController.swift */,
				97B0A1F32E9C0BBD004ACBEA /* ImagesListCellDelegate.swift */,
				9786C50A2E9EF9B700EF83DF /* ImagesListPresenter.swift */,
				9786C50C2E9EFA5000EF83DF /* Date+safe.swift */,
			);
			path = ImagesList;
			sourceTree = "<group>";
		};
		97B8D34E2E91A028003B56DC /* Auth */ = {
			isa = PBXGroup;
			children = (
				97DEB7952E8ABB9600A34487 /* OAuth2Service.swift */,
			);
			path = Auth;
			sourceTree = "<group>";
		};
		97B8D34F2E91A030003B56DC /* Network */ = {
			isa = PBXGroup;
			children = (
				97DEB7972E8ABF4F00A34487 /* URLSession+data.swift */,
				9759FD192E94E38E00739A94 /* URLSession+objectTask.swift */,
				979B4A6B2E9CEE0300020FE3 /* NetworkError.swift */,
			);
			path = Network;
			sourceTree = "<group>";
		};
		97B8D3502E91A041003B56DC /* Profile */ = {
			isa = PBXGroup;
			children = (
				97B0A1F62E9C3D77004ACBEA /* ProfileLogoutService.swift */,
				973A364C2E9133FB00D4C907 /* ProfileService.swift */,
				9759FD172E9392BF00739A94 /* ProfileImageService.swift */,
			);
			path = Profile;
			sourceTree = "<group>";
		};
		97DEB79D2E8ADDB600A34487 /* Splash */ = {
			isa = PBXGroup;
			children = (
				97DEB79B2E8ADA1500A34487 /* SplashViewController.swift */,
			);
			path = Splash;
			sourceTree = "<group>";
		};
		97DEB79E2E8D142900A34487 /* Frameworks */ = {
			isa = PBXGroup;
			children = (
				97DEB79F2E8D142A00A34487 /* WebKit.framework */,
			);
			name = Frameworks;
			sourceTree = "<group>";
		};
/* End PBXGroup section */

/* Begin PBXNativeTarget section */
		9765D38E2E5B5961001A7DE4 /* ImageFeed */ = {
			isa = PBXNativeTarget;
			buildConfigurationList = 9765D3A32E5B5968001A7DE4 /* Build configuration list for PBXNativeTarget "ImageFeed" */;
			buildPhases = (
				9765D38B2E5B5961001A7DE4 /* Sources */,
				9765D38C2E5B5961001A7DE4 /* Frameworks */,
				9765D38D2E5B5961001A7DE4 /* Resources */,
			);
			buildRules = (
			);
			dependencies = (
			);
			name = ImageFeed;
			packageProductDependencies = (
				97C14EB32E8D45430051CD46 /* ProgressHUD */,
				9759FD1C2E9503C300739A94 /* Kingfisher */,
				9759FD1F2E95399300739A94 /* SwiftKeychainWrapper */,
				975A509C2E959EAD00987828 /* Kingfisher */,
			);
			productName = ImageFeed;
			productReference = 9765D38F2E5B5961001A7DE4 /* ImageFeed.app */;
			productType = "com.apple.product-type.application";
		};
		9786C4F02E9E97FE00EF83DF /* ImageFeedTests */ = {
			isa = PBXNativeTarget;
			buildConfigurationList = 9786C4F72E9E97FE00EF83DF /* Build configuration list for PBXNativeTarget "ImageFeedTests" */;
			buildPhases = (
				9786C4ED2E9E97FE00EF83DF /* Sources */,
				9786C4EE2E9E97FE00EF83DF /* Frameworks */,
				9786C4EF2E9E97FE00EF83DF /* Resources */,
			);
			buildRules = (
			);
			dependencies = (
				9786C4F62E9E97FE00EF83DF /* PBXTargetDependency */,
			);
			name = ImageFeedTests;
			productName = ImageFeedTests;
			productReference = 9786C4F12E9E97FE00EF83DF /* ImageFeedTests.xctest */;
			productType = "com.apple.product-type.bundle.unit-test";
		};
/* End PBXNativeTarget section */

/* Begin PBXProject section */
		9765D3872E5B5961001A7DE4 /* Project object */ = {
			isa = PBXProject;
			attributes = {
				BuildIndependentTargetsInParallel = 1;
				LastSwiftUpdateCheck = 1520;
				LastUpgradeCheck = 1520;
				TargetAttributes = {
					9765D38E2E5B5961001A7DE4 = {
						CreatedOnToolsVersion = 15.2;
					};
					9786C4F02E9E97FE00EF83DF = {
						CreatedOnToolsVersion = 15.2;
						TestTargetID = 9765D38E2E5B5961001A7DE4;
					};
				};
			};
			buildConfigurationList = 9765D38A2E5B5961001A7DE4 /* Build configuration list for PBXProject "ImageFeed" */;
			compatibilityVersion = "Xcode 14.0";
			developmentRegion = en;
			hasScannedForEncodings = 0;
			knownRegions = (
				en,
				Base,
			);
			mainGroup = 9765D3862E5B5961001A7DE4;
			packageReferences = (
				97C14EB22E8D45430051CD46 /* XCRemoteSwiftPackageReference "ProgressHUD" */,
				9759FD1B2E9503C300739A94 /* XCRemoteSwiftPackageReference "Kingfisher" */,
				9759FD1E2E95399300739A94 /* XCRemoteSwiftPackageReference "SwiftKeychainWrapper" */,
			);
			productRefGroup = 9765D3902E5B5961001A7DE4 /* Products */;
			projectDirPath = "";
			projectRoot = "";
			targets = (
				9765D38E2E5B5961001A7DE4 /* ImageFeed */,
				9786C4F02E9E97FE00EF83DF /* ImageFeedTests */,
			);
		};
/* End PBXProject section */

/* Begin PBXResourcesBuildPhase section */
		9765D38D2E5B5961001A7DE4 /* Resources */ = {
			isa = PBXResourcesBuildPhase;
			buildActionMask = 2147483647;
			files = (
				9765D39F2E5B5968001A7DE4 /* LaunchScreen.storyboard in Resources */,
				9765D39C2E5B5968001A7DE4 /* Assets.xcassets in Resources */,
				9765D39A2E5B5961001A7DE4 /* Main.storyboard in Resources */,
			);
			runOnlyForDeploymentPostprocessing = 0;
		};
		9786C4EF2E9E97FE00EF83DF /* Resources */ = {
			isa = PBXResourcesBuildPhase;
			buildActionMask = 2147483647;
			files = (
			);
			runOnlyForDeploymentPostprocessing = 0;
		};
/* End PBXResourcesBuildPhase section */

/* Begin PBXSourcesBuildPhase section */
		9765D38B2E5B5961001A7DE4 /* Sources */ = {
			isa = PBXSourcesBuildPhase;
			buildActionMask = 2147483647;
			files = (
				9774F4062E9A6BA5009D1747 /* Photo.swift in Sources */,
				9765D3972E5B5961001A7DE4 /* ImagesListViewController.swift in Sources */,
				973A364D2E9133FB00D4C907 /* ProfileService.swift in Sources */,
				97A12E122E66D4A200666A65 /* ImagesListCell.swift in Sources */,
				97272FDB2E88375E004B4068 /* WebViewControllerDelegate.swift in Sources */,
				974996272E685F4C000DC02F /* ProfileViewController.swift in Sources */,
				97DEB7962E8ABB9600A34487 /* OAuth2Service.swift in Sources */,
				9759FD182E9392BF00739A94 /* ProfileImageService.swift in Sources */,
				9786C4EA2E9E75B500EF83DF /* WebViewPresenter.swift in Sources */,
				97DEB79C2E8ADA1500A34487 /* SplashViewController.swift in Sources */,
				979B4A6C2E9CEE0300020FE3 /* NetworkError.swift in Sources */,
				9786C50B2E9EF9B700EF83DF /* ImagesListPresenter.swift in Sources */,
				9765D3932E5B5961001A7DE4 /* AppDelegate.swift in Sources */,
				9786C4EC2E9E7FC300EF83DF /* AuthHelper.swift in Sources */,
				9786C50D2E9EFA5000EF83DF /* Date+safe.swift in Sources */,
				97272FD72E8811AD004B4068 /* AuthViewController.swift in Sources */,
				9786C5002E9ECB2300EF83DF /* ProfilePresenter.swift in Sources */,
				974C76682E98002000DB2FA7 /* Profile.swift in Sources */,
				9759FD222E95570E00739A94 /* TabBarController.swift in Sources */,
				974C766A2E98002C00DB2FA7 /* ProfileResult.swift in Sources */,
				9759FD1A2E94E38E00739A94 /* URLSession+objectTask.swift in Sources */,
				973A36492E9128C800D4C907 /* UIBlockingProgressHUD.swift in Sources */,
				9774F4082E9A7735009D1747 /* PhotoResult.swift in Sources */,
				97B0A1F72E9C3D77004ACBEA /* ProfileLogoutService.swift in Sources */,
				974C76652E97FFD400DB2FA7 /* SnaceCaseDecoder.swift in Sources */,
				9774F40A2E9A7743009D1747 /* UrlsResult.swift in Sources */,
				97CD5D472E6CD0FC00F0A457 /* AuthConfiguration.swift in Sources */,
				974C766E2E9800C000DB2FA7 /* UserResult.swift in Sources */,
				97DEB7982E8ABF4F00A34487 /* URLSession+data.swift in Sources */,
				974C76702E9800EA00DB2FA7 /* OAuthTokenResponseBody.swift in Sources */,
				974C766C2E98009B00DB2FA7 /* ProfileImage.swift in Sources */,
				9749962A2E699673000DC02F /* SingleImageViewController.swift in Sources */,
				97B0A1F42E9C0BBD004ACBEA /* ImagesListCellDelegate.swift in Sources */,
				9774F4042E9A6B97009D1747 /* ImagesListService.swift in Sources */,
				974C76722E98014200DB2FA7 /* AuthViewControllerDelegate.swift in Sources */,
				97272FD92E8827CA004B4068 /* WebViewViewController.swift in Sources */,
				97DEB79A2E8AC5D000A34487 /* OAuth2TokenStorage.swift in Sources */,
				9765D3952E5B5961001A7DE4 /* SceneDelegate.swift in Sources */,
			);
			runOnlyForDeploymentPostprocessing = 0;
		};
		9786C4ED2E9E97FE00EF83DF /* Sources */ = {
			isa = PBXSourcesBuildPhase;
			buildActionMask = 2147483647;
			files = (
				9786C5182E9F17C100EF83DF /* ImagesListPresenterStub.swift in Sources */,
				9786C50F2E9F104600EF83DF /* ProfileViewControllerStub.swift in Sources */,
				9786C5142E9F179F00EF83DF /* ImagesListViewControllerSpy.swift in Sources */,
				9786C4F42E9E97FE00EF83DF /* WebViewTests.swift in Sources */,
				9786C5092E9EF36400EF83DF /* ProfilePresenterStub.swift in Sources */,
				9786C5122E9F122900EF83DF /* ImagesListTests.swift in Sources */,
				9786C5162E9F17B000EF83DF /* ImagesListPresenterSpy.swift in Sources */,
				9786C5032E9EE89800EF83DF /* ProfileTests.swift in Sources */,
				9786C4FD2E9E9C3100EF83DF /* WebViewViewControllerSpy.swift in Sources */,
				9786C4FB2E9E9A4E00EF83DF /* WebViewPresenterSpy.swift in Sources */,
				9786C5052E9EEC2F00EF83DF /* ProfileViewControllerSpy.swift in Sources */,
				9786C5072E9EEC3F00EF83DF /* ProfilePresenterSpy.swift in Sources */,
			);
			runOnlyForDeploymentPostprocessing = 0;
		};
/* End PBXSourcesBuildPhase section */

/* Begin PBXTargetDependency section */
		9786C4F62E9E97FE00EF83DF /* PBXTargetDependency */ = {
			isa = PBXTargetDependency;
			target = 9765D38E2E5B5961001A7DE4 /* ImageFeed */;
			targetProxy = 9786C4F52E9E97FE00EF83DF /* PBXContainerItemProxy */;
		};
/* End PBXTargetDependency section */

/* Begin PBXVariantGroup section */
		9765D3982E5B5961001A7DE4 /* Main.storyboard */ = {
			isa = PBXVariantGroup;
			children = (
				9765D3992E5B5961001A7DE4 /* Base */,
			);
			name = Main.storyboard;
			sourceTree = "<group>";
		};
		9765D39D2E5B5968001A7DE4 /* LaunchScreen.storyboard */ = {
			isa = PBXVariantGroup;
			children = (
				9765D39E2E5B5968001A7DE4 /* Base */,
			);
			name = LaunchScreen.storyboard;
			sourceTree = "<group>";
		};
/* End PBXVariantGroup section */

/* Begin XCBuildConfiguration section */
		9765D3A12E5B5968001A7DE4 /* Debug */ = {
			isa = XCBuildConfiguration;
			buildSettings = {
				ALWAYS_SEARCH_USER_PATHS = NO;
				ASSETCATALOG_COMPILER_GENERATE_SWIFT_ASSET_SYMBOL_EXTENSIONS = YES;
				CLANG_ANALYZER_NONNULL = YES;
				CLANG_ANALYZER_NUMBER_OBJECT_CONVERSION = YES_AGGRESSIVE;
				CLANG_CXX_LANGUAGE_STANDARD = "gnu++20";
				CLANG_ENABLE_MODULES = YES;
				CLANG_ENABLE_OBJC_ARC = YES;
				CLANG_ENABLE_OBJC_WEAK = YES;
				CLANG_WARN_BLOCK_CAPTURE_AUTORELEASING = YES;
				CLANG_WARN_BOOL_CONVERSION = YES;
				CLANG_WARN_COMMA = YES;
				CLANG_WARN_CONSTANT_CONVERSION = YES;
				CLANG_WARN_DEPRECATED_OBJC_IMPLEMENTATIONS = YES;
				CLANG_WARN_DIRECT_OBJC_ISA_USAGE = YES_ERROR;
				CLANG_WARN_DOCUMENTATION_COMMENTS = YES;
				CLANG_WARN_EMPTY_BODY = YES;
				CLANG_WARN_ENUM_CONVERSION = YES;
				CLANG_WARN_INFINITE_RECURSION = YES;
				CLANG_WARN_INT_CONVERSION = YES;
				CLANG_WARN_NON_LITERAL_NULL_CONVERSION = YES;
				CLANG_WARN_OBJC_IMPLICIT_RETAIN_SELF = YES;
				CLANG_WARN_OBJC_LITERAL_CONVERSION = YES;
				CLANG_WARN_OBJC_ROOT_CLASS = YES_ERROR;
				CLANG_WARN_QUOTED_INCLUDE_IN_FRAMEWORK_HEADER = YES;
				CLANG_WARN_RANGE_LOOP_ANALYSIS = YES;
				CLANG_WARN_STRICT_PROTOTYPES = YES;
				CLANG_WARN_SUSPICIOUS_MOVE = YES;
				CLANG_WARN_UNGUARDED_AVAILABILITY = YES_AGGRESSIVE;
				CLANG_WARN_UNREACHABLE_CODE = YES;
				CLANG_WARN__DUPLICATE_METHOD_MATCH = YES;
				COPY_PHASE_STRIP = NO;
				DEBUG_INFORMATION_FORMAT = dwarf;
				ENABLE_STRICT_OBJC_MSGSEND = YES;
				ENABLE_TESTABILITY = YES;
				ENABLE_USER_SCRIPT_SANDBOXING = YES;
				GCC_C_LANGUAGE_STANDARD = gnu17;
				GCC_DYNAMIC_NO_PIC = NO;
				GCC_NO_COMMON_BLOCKS = YES;
				GCC_OPTIMIZATION_LEVEL = 0;
				GCC_PREPROCESSOR_DEFINITIONS = (
					"DEBUG=1",
					"$(inherited)",
				);
				GCC_WARN_64_TO_32_BIT_CONVERSION = YES;
				GCC_WARN_ABOUT_RETURN_TYPE = YES_ERROR;
				GCC_WARN_UNDECLARED_SELECTOR = YES;
				GCC_WARN_UNINITIALIZED_AUTOS = YES_AGGRESSIVE;
				GCC_WARN_UNUSED_FUNCTION = YES;
				GCC_WARN_UNUSED_VARIABLE = YES;
				IPHONEOS_DEPLOYMENT_TARGET = 13.0;
				LOCALIZATION_PREFERS_STRING_CATALOGS = YES;
				MTL_ENABLE_DEBUG_INFO = INCLUDE_SOURCE;
				MTL_FAST_MATH = YES;
				ONLY_ACTIVE_ARCH = YES;
				SDKROOT = iphoneos;
				SWIFT_ACTIVE_COMPILATION_CONDITIONS = "DEBUG $(inherited)";
				SWIFT_OPTIMIZATION_LEVEL = "-Onone";
			};
			name = Debug;
		};
		9765D3A22E5B5968001A7DE4 /* Release */ = {
			isa = XCBuildConfiguration;
			buildSettings = {
				ALWAYS_SEARCH_USER_PATHS = NO;
				ASSETCATALOG_COMPILER_GENERATE_SWIFT_ASSET_SYMBOL_EXTENSIONS = YES;
				CLANG_ANALYZER_NONNULL = YES;
				CLANG_ANALYZER_NUMBER_OBJECT_CONVERSION = YES_AGGRESSIVE;
				CLANG_CXX_LANGUAGE_STANDARD = "gnu++20";
				CLANG_ENABLE_MODULES = YES;
				CLANG_ENABLE_OBJC_ARC = YES;
				CLANG_ENABLE_OBJC_WEAK = YES;
				CLANG_WARN_BLOCK_CAPTURE_AUTORELEASING = YES;
				CLANG_WARN_BOOL_CONVERSION = YES;
				CLANG_WARN_COMMA = YES;
				CLANG_WARN_CONSTANT_CONVERSION = YES;
				CLANG_WARN_DEPRECATED_OBJC_IMPLEMENTATIONS = YES;
				CLANG_WARN_DIRECT_OBJC_ISA_USAGE = YES_ERROR;
				CLANG_WARN_DOCUMENTATION_COMMENTS = YES;
				CLANG_WARN_EMPTY_BODY = YES;
				CLANG_WARN_ENUM_CONVERSION = YES;
				CLANG_WARN_INFINITE_RECURSION = YES;
				CLANG_WARN_INT_CONVERSION = YES;
				CLANG_WARN_NON_LITERAL_NULL_CONVERSION = YES;
				CLANG_WARN_OBJC_IMPLICIT_RETAIN_SELF = YES;
				CLANG_WARN_OBJC_LITERAL_CONVERSION = YES;
				CLANG_WARN_OBJC_ROOT_CLASS = YES_ERROR;
				CLANG_WARN_QUOTED_INCLUDE_IN_FRAMEWORK_HEADER = YES;
				CLANG_WARN_RANGE_LOOP_ANALYSIS = YES;
				CLANG_WARN_STRICT_PROTOTYPES = YES;
				CLANG_WARN_SUSPICIOUS_MOVE = YES;
				CLANG_WARN_UNGUARDED_AVAILABILITY = YES_AGGRESSIVE;
				CLANG_WARN_UNREACHABLE_CODE = YES;
				CLANG_WARN__DUPLICATE_METHOD_MATCH = YES;
				COPY_PHASE_STRIP = NO;
				DEBUG_INFORMATION_FORMAT = "dwarf-with-dsym";
				ENABLE_NS_ASSERTIONS = NO;
				ENABLE_STRICT_OBJC_MSGSEND = YES;
				ENABLE_USER_SCRIPT_SANDBOXING = YES;
				GCC_C_LANGUAGE_STANDARD = gnu17;
				GCC_NO_COMMON_BLOCKS = YES;
				GCC_WARN_64_TO_32_BIT_CONVERSION = YES;
				GCC_WARN_ABOUT_RETURN_TYPE = YES_ERROR;
				GCC_WARN_UNDECLARED_SELECTOR = YES;
				GCC_WARN_UNINITIALIZED_AUTOS = YES_AGGRESSIVE;
				GCC_WARN_UNUSED_FUNCTION = YES;
				GCC_WARN_UNUSED_VARIABLE = YES;
				IPHONEOS_DEPLOYMENT_TARGET = 13.0;
				LOCALIZATION_PREFERS_STRING_CATALOGS = YES;
				MTL_ENABLE_DEBUG_INFO = NO;
				MTL_FAST_MATH = YES;
				SDKROOT = iphoneos;
				SWIFT_COMPILATION_MODE = wholemodule;
				VALIDATE_PRODUCT = YES;
			};
			name = Release;
		};
		9765D3A42E5B5968001A7DE4 /* Debug */ = {
			isa = XCBuildConfiguration;
			buildSettings = {
				ASSETCATALOG_COMPILER_APPICON_NAME = AppIcon;
				ASSETCATALOG_COMPILER_GLOBAL_ACCENT_COLOR_NAME = AccentColor;
				CODE_SIGN_STYLE = Automatic;
				CURRENT_PROJECT_VERSION = 1;
				DEVELOPMENT_TEAM = T3RWBS3YY4;
				GENERATE_INFOPLIST_FILE = YES;
				INFOPLIST_FILE = ImageFeed/Resources/Info.plist;
				INFOPLIST_KEY_UIApplicationSupportsIndirectInputEvents = YES;
				INFOPLIST_KEY_UILaunchStoryboardName = LaunchScreen;
				INFOPLIST_KEY_UIMainStoryboardFile = Main;
				INFOPLIST_KEY_UISupportedInterfaceOrientations = UIInterfaceOrientationPortrait;
				IPHONEOS_DEPLOYMENT_TARGET = 13.0;
				LD_RUNPATH_SEARCH_PATHS = (
					"$(inherited)",
					"@executable_path/Frameworks",
				);
				MARKETING_VERSION = 1.0;
				PRODUCT_BUNDLE_IDENTIFIER = ru.alekseiypetrov.ImageFeed;
				PRODUCT_NAME = "$(TARGET_NAME)";
				SUPPORTED_PLATFORMS = "iphoneos iphonesimulator";
				SUPPORTS_MACCATALYST = NO;
				SUPPORTS_MAC_DESIGNED_FOR_IPHONE_IPAD = NO;
				SUPPORTS_XR_DESIGNED_FOR_IPHONE_IPAD = NO;
				SWIFT_EMIT_LOC_STRINGS = YES;
				SWIFT_VERSION = 5.0;
				TARGETED_DEVICE_FAMILY = 1;
			};
			name = Debug;
		};
		9765D3A52E5B5968001A7DE4 /* Release */ = {
			isa = XCBuildConfiguration;
			buildSettings = {
				ASSETCATALOG_COMPILER_APPICON_NAME = AppIcon;
				ASSETCATALOG_COMPILER_GLOBAL_ACCENT_COLOR_NAME = AccentColor;
				CODE_SIGN_STYLE = Automatic;
				CURRENT_PROJECT_VERSION = 1;
				DEVELOPMENT_TEAM = T3RWBS3YY4;
				GENERATE_INFOPLIST_FILE = YES;
				INFOPLIST_FILE = ImageFeed/Resources/Info.plist;
				INFOPLIST_KEY_UIApplicationSupportsIndirectInputEvents = YES;
				INFOPLIST_KEY_UILaunchStoryboardName = LaunchScreen;
				INFOPLIST_KEY_UIMainStoryboardFile = Main;
				INFOPLIST_KEY_UISupportedInterfaceOrientations = UIInterfaceOrientationPortrait;
				IPHONEOS_DEPLOYMENT_TARGET = 13.0;
				LD_RUNPATH_SEARCH_PATHS = (
					"$(inherited)",
					"@executable_path/Frameworks",
				);
				MARKETING_VERSION = 1.0;
				PRODUCT_BUNDLE_IDENTIFIER = ru.alekseiypetrov.ImageFeed;
				PRODUCT_NAME = "$(TARGET_NAME)";
				SUPPORTED_PLATFORMS = "iphoneos iphonesimulator";
				SUPPORTS_MACCATALYST = NO;
				SUPPORTS_MAC_DESIGNED_FOR_IPHONE_IPAD = NO;
				SUPPORTS_XR_DESIGNED_FOR_IPHONE_IPAD = NO;
				SWIFT_EMIT_LOC_STRINGS = YES;
				SWIFT_VERSION = 5.0;
				TARGETED_DEVICE_FAMILY = 1;
			};
			name = Release;
		};
		9786C4F82E9E97FE00EF83DF /* Debug */ = {
			isa = XCBuildConfiguration;
			buildSettings = {
				BUNDLE_LOADER = "$(TEST_HOST)";
				CODE_SIGN_STYLE = Automatic;
				CURRENT_PROJECT_VERSION = 1;
				DEVELOPMENT_TEAM = T3RWBS3YY4;
				GENERATE_INFOPLIST_FILE = YES;
				IPHONEOS_DEPLOYMENT_TARGET = 17.2;
				MARKETING_VERSION = 1.0;
				PRODUCT_BUNDLE_IDENTIFIER = ru.alekseiypetrov.ImageFeedTests;
				PRODUCT_NAME = "$(TARGET_NAME)";
				SWIFT_EMIT_LOC_STRINGS = NO;
				SWIFT_VERSION = 5.0;
				TARGETED_DEVICE_FAMILY = "1,2";
				TEST_HOST = "$(BUILT_PRODUCTS_DIR)/ImageFeed.app/$(BUNDLE_EXECUTABLE_FOLDER_PATH)/ImageFeed";
			};
			name = Debug;
		};
		9786C4F92E9E97FE00EF83DF /* Release */ = {
			isa = XCBuildConfiguration;
			buildSettings = {
				BUNDLE_LOADER = "$(TEST_HOST)";
				CODE_SIGN_STYLE = Automatic;
				CURRENT_PROJECT_VERSION = 1;
				DEVELOPMENT_TEAM = T3RWBS3YY4;
				GENERATE_INFOPLIST_FILE = YES;
				IPHONEOS_DEPLOYMENT_TARGET = 17.2;
				MARKETING_VERSION = 1.0;
				PRODUCT_BUNDLE_IDENTIFIER = ru.alekseiypetrov.ImageFeedTests;
				PRODUCT_NAME = "$(TARGET_NAME)";
				SWIFT_EMIT_LOC_STRINGS = NO;
				SWIFT_VERSION = 5.0;
				TARGETED_DEVICE_FAMILY = "1,2";
				TEST_HOST = "$(BUILT_PRODUCTS_DIR)/ImageFeed.app/$(BUNDLE_EXECUTABLE_FOLDER_PATH)/ImageFeed";
			};
			name = Release;
		};
/* End XCBuildConfiguration section */

/* Begin XCConfigurationList section */
		9765D38A2E5B5961001A7DE4 /* Build configuration list for PBXProject "ImageFeed" */ = {
			isa = XCConfigurationList;
			buildConfigurations = (
				9765D3A12E5B5968001A7DE4 /* Debug */,
				9765D3A22E5B5968001A7DE4 /* Release */,
			);
			defaultConfigurationIsVisible = 0;
			defaultConfigurationName = Release;
		};
		9765D3A32E5B5968001A7DE4 /* Build configuration list for PBXNativeTarget "ImageFeed" */ = {
			isa = XCConfigurationList;
			buildConfigurations = (
				9765D3A42E5B5968001A7DE4 /* Debug */,
				9765D3A52E5B5968001A7DE4 /* Release */,
			);
			defaultConfigurationIsVisible = 0;
			defaultConfigurationName = Release;
		};
		9786C4F72E9E97FE00EF83DF /* Build configuration list for PBXNativeTarget "ImageFeedTests" */ = {
			isa = XCConfigurationList;
			buildConfigurations = (
				9786C4F82E9E97FE00EF83DF /* Debug */,
				9786C4F92E9E97FE00EF83DF /* Release */,
			);
			defaultConfigurationIsVisible = 0;
			defaultConfigurationName = Release;
		};
/* End XCConfigurationList section */

/* Begin XCRemoteSwiftPackageReference section */
		9759FD1B2E9503C300739A94 /* XCRemoteSwiftPackageReference "Kingfisher" */ = {
			isa = XCRemoteSwiftPackageReference;
			repositoryURL = "https://github.com/onevcat/Kingfisher.git";
			requirement = {
				kind = upToNextMajorVersion;
				minimumVersion = 8.6.0;
			};
		};
		9759FD1E2E95399300739A94 /* XCRemoteSwiftPackageReference "SwiftKeychainWrapper" */ = {
			isa = XCRemoteSwiftPackageReference;
			repositoryURL = "https://github.com/jrendel/SwiftKeychainWrapper";
			requirement = {
				kind = upToNextMajorVersion;
				minimumVersion = 4.0.1;
			};
		};
		97C14EB22E8D45430051CD46 /* XCRemoteSwiftPackageReference "ProgressHUD" */ = {
			isa = XCRemoteSwiftPackageReference;
			repositoryURL = "https://github.com/relatedcode/ProgressHUD";
			requirement = {
				kind = upToNextMajorVersion;
				minimumVersion = 14.1.4;
			};
		};
/* End XCRemoteSwiftPackageReference section */

/* Begin XCSwiftPackageProductDependency section */
		9759FD1C2E9503C300739A94 /* Kingfisher */ = {
			isa = XCSwiftPackageProductDependency;
			package = 9759FD1B2E9503C300739A94 /* XCRemoteSwiftPackageReference "Kingfisher" */;
			productName = Kingfisher;
		};
		9759FD1F2E95399300739A94 /* SwiftKeychainWrapper */ = {
			isa = XCSwiftPackageProductDependency;
			package = 9759FD1E2E95399300739A94 /* XCRemoteSwiftPackageReference "SwiftKeychainWrapper" */;
			productName = SwiftKeychainWrapper;
		};
		975A509C2E959EAD00987828 /* Kingfisher */ = {
			isa = XCSwiftPackageProductDependency;
			package = 9759FD1B2E9503C300739A94 /* XCRemoteSwiftPackageReference "Kingfisher" */;
			productName = Kingfisher;
		};
		97C14EB32E8D45430051CD46 /* ProgressHUD */ = {
			isa = XCSwiftPackageProductDependency;
			package = 97C14EB22E8D45430051CD46 /* XCRemoteSwiftPackageReference "ProgressHUD" */;
			productName = ProgressHUD;
		};
/* End XCSwiftPackageProductDependency section */
	};
	rootObject = 9765D3872E5B5961001A7DE4 /* Project object */;
}
